{
  "name": "magic-odata-client",
  "version": "0.1.0",
  "lockfileVersion": 2,
  "requires": true,
  "packages": {
    "": {
      "name": "magic-odata-client",
      "version": "0.1.0",
      "license": "MIT",
      "dependencies": {
        "magic-odata-shared": "0.1.0"
      },
      "devDependencies": {
        "@types/node": "^18.11.18",
        "typescript": "^4.9.4"
      }
    },
    "node_modules/@types/node": {
      "version": "18.11.18",
      "resolved": "https://registry.npmjs.org/@types/node/-/node-18.11.18.tgz",
      "integrity": "sha512-DHQpWGjyQKSHj3ebjFI/wRKcqQcdR+MoFBygntYOZytCqNfkd2ZC4ARDJ2DQqhjH5p85Nnd3jhUJIXrszFX/JA==",
      "dev": true
    },
    "node_modules/magic-odata-shared": {
      "version": "0.1.0",
      "resolved": "https://registry.npmjs.org/magic-odata-shared/-/magic-odata-shared-0.1.0.tgz",
      "integrity": "sha512-FviNfXd6ondo5luU+Dxk+MouD5/BVSBZnPAEtagH4DhgTQGA6A1FC5dXb5iOzYX3dqrE3N6Wiv4erpUDa5sdfg=="
    },
    "node_modules/typescript": {
      "version": "4.9.4",
      "resolved": "https://registry.npmjs.org/typescript/-/typescript-4.9.4.tgz",
      "integrity": "sha512-Uz+dTXYzxXXbsFpM86Wh3dKCxrQqUcVMxwU54orwlJjOpO3ao8L7j5lH+dWfTwgCwIuM9GQ2kvVotzYJMXTBZg==",
      "dev": true,
      "bin": {
        "tsc": "bin/tsc",
        "tsserver": "bin/tsserver"
      },
      "engines": {
        "node": ">=4.2.0"
      }
    }
  },
  "dependencies": {
    "@types/node": {
      "version": "18.11.18",
      "resolved": "https://registry.npmjs.org/@types/node/-/node-18.11.18.tgz",
      "integrity": "sha512-DHQpWGjyQKSHj3ebjFI/wRKcqQcdR+MoFBygntYOZytCqNfkd2ZC4ARDJ2DQqhjH5p85Nnd3jhUJIXrszFX/JA==",
      "dev": true
    },
    "magic-odata-shared": {
      "version": "0.1.0",
      "resolved": "https://registry.npmjs.org/magic-odata-shared/-/magic-odata-shared-0.1.0.tgz",
      "integrity": "sha512-FviNfXd6ondo5luU+Dxk+MouD5/BVSBZnPAEtagH4DhgTQGA6A1FC5dXb5iOzYX3dqrE3N6Wiv4erpUDa5sdfg=="
    },
    "typescript": {
      "version": "4.9.4",
      "resolved": "https://registry.npmjs.org/typescript/-/typescript-4.9.4.tgz",
      "integrity": "sha512-Uz+dTXYzxXXbsFpM86Wh3dKCxrQqUcVMxwU54orwlJjOpO3ao8L7j5lH+dWfTwgCwIuM9GQ2kvVotzYJMXTBZg==",
      "dev": true
    }
  }
}
